# THIS IS AN AUTOGENERATED FILE. DO NOT EDIT THIS FILE DIRECTLY.
# yarn lockfile v1


"@dprint/darwin-arm64@0.45.1":
  version "0.45.1"
  resolved "https://registry.npmjs.org/@dprint/darwin-arm64/-/darwin-arm64-0.45.1.tgz#3c989b5fd7122a61f20ec95db1a3e6f020634a90"
  integrity sha512-pH0/uKLJ5SJPoHhOwLWFMhCmL0BY3FzWQbull8OGMK/FRkIPgOl2adZSovtUZpUMGWyDOzIWH1fW9X2DuMhnEg==

"@dprint/darwin-x64@0.45.1":
  version "0.45.1"
  resolved "https://registry.npmjs.org/@dprint/darwin-x64/-/darwin-x64-0.45.1.tgz#f024fa56804ecdb7b52e31e698b95c5f8fc9e8d1"
  integrity sha512-YUj421LmBLDlxpIER3pORKfQmpmXD50n5mClHjpZrnl17WTiHtQ+jHvDJdJoxH2eS66W0mQyxLoGo5SfFfiM7A==

"@dprint/linux-arm64-glibc@0.45.1":
  version "0.45.1"
  resolved "https://registry.npmjs.org/@dprint/linux-arm64-glibc/-/linux-arm64-glibc-0.45.1.tgz#e31be90fd8483f8b79c0a7081c7befb167c5865e"
  integrity sha512-lJ7s/pOQWRJ0mstjZQnVyX2/3QRXZ9cpFHJDZ7e81Y8QSn/iqxTrnK0DPgxUrDG8hYKQmWQdQLU4sP5DKBz0Jg==

"@dprint/linux-arm64-musl@0.45.1":
  version "0.45.1"
  resolved "https://registry.npmjs.org/@dprint/linux-arm64-musl/-/linux-arm64-musl-0.45.1.tgz#ff5ad5ce0d55d8ff35139992f283765326a0bc2b"
  integrity sha512-un2awe1L1sAJLsCPSEUrE0/cgupdzbYFoyBOutyU1zHR9KQn47AtIDw+chvuinU4xleHDuEGyXGuJ6NE+Ky6vw==

"@dprint/linux-x64-glibc@0.45.1":
  version "0.45.1"
  resolved "https://registry.npmjs.org/@dprint/linux-x64-glibc/-/linux-x64-glibc-0.45.1.tgz#890a1c42507746d2082778ec67d6e2873b6c7f71"
  integrity sha512-5Civht90S/g8zlyYB7n4oH78p+sLbNqeFCFuImJRK7uRxZwCRya7lji6RwlB6DQ7qngVqovTHj9RLOYfZzfVlg==

"@dprint/linux-x64-musl@0.45.1":
  version "0.45.1"
  resolved "https://registry.npmjs.org/@dprint/linux-x64-musl/-/linux-x64-musl-0.45.1.tgz#53508925c105c8392335f0b6e15c49334e631c96"
  integrity sha512-p2/gjnHDd8GRCvtey5HZO4o/He6pSmY/zpcCuIXprFW9P0vNlEj3DFhz4FPpOKXM+csrsVWWs2E0T/xr5QZtVg==

"@dprint/win32-x64@0.45.1":
  version "0.45.1"
  resolved "https://registry.npmjs.org/@dprint/win32-x64/-/win32-x64-0.45.1.tgz#6d08308cf08e4b751efb0692ded28b57d42a365d"
  integrity sha512-2l78XM7KsW46P2Yv6uPB3fE+y92EsBlrCxi+RVQ0pbznPFdMdkLyGgaCuh683zdld14jHlaADpIQ7YchGAEMAg==

"@esbuild/aix-ppc64@0.21.5":
  version "0.21.5"
  resolved "https://registry.npmjs.org/@esbuild/aix-ppc64/-/aix-ppc64-0.21.5.tgz#c7184a326533fcdf1b8ee0733e21c713b975575f"
  integrity sha512-1SDgH6ZSPTlggy1yI6+Dbkiz8xzpHJEVAlF/AM1tHPLsf5STom9rwtjE4hKAF20FfXXNTFqEYXyJNWh1GiZedQ==

"@esbuild/android-arm64@0.21.5":
  version "0.21.5"
  resolved "https://registry.npmjs.org/@esbuild/android-arm64/-/android-arm64-0.21.5.tgz#09d9b4357780da9ea3a7dfb833a1f1ff439b4052"
  integrity sha512-c0uX9VAUBQ7dTDCjq+wdyGLowMdtR/GoC2U5IYk/7D1H1JYC0qseD7+11iMP2mRLN9RcCMRcjC4YMclCzGwS/A==

"@esbuild/android-arm@0.21.5":
  version "0.21.5"
  resolved "https://registry.npmjs.org/@esbuild/android-arm/-/android-arm-0.21.5.tgz#9b04384fb771926dfa6d7ad04324ecb2ab9b2e28"
  integrity sha512-vCPvzSjpPHEi1siZdlvAlsPxXl7WbOVUBBAowWug4rJHb68Ox8KualB+1ocNvT5fjv6wpkX6o/iEpbDrf68zcg==

"@esbuild/android-x64@0.21.5":
  version "0.21.5"
  resolved "https://registry.npmjs.org/@esbuild/android-x64/-/android-x64-0.21.5.tgz#29918ec2db754cedcb6c1b04de8cd6547af6461e"
  integrity sha512-D7aPRUUNHRBwHxzxRvp856rjUHRFW1SdQATKXH2hqA0kAZb1hKmi02OpYRacl0TxIGz/ZmXWlbZgjwWYaCakTA==

"@esbuild/darwin-arm64@0.21.5":
  version "0.21.5"
  resolved "https://registry.npmjs.org/@esbuild/darwin-arm64/-/darwin-arm64-0.21.5.tgz#e495b539660e51690f3928af50a76fb0a6ccff2a"
  integrity sha512-DwqXqZyuk5AiWWf3UfLiRDJ5EDd49zg6O9wclZ7kUMv2WRFr4HKjXp/5t8JZ11QbQfUS6/cRCKGwYhtNAY88kQ==

"@esbuild/darwin-x64@0.21.5":
  version "0.21.5"
  resolved "https://registry.npmjs.org/@esbuild/darwin-x64/-/darwin-x64-0.21.5.tgz#c13838fa57372839abdddc91d71542ceea2e1e22"
  integrity sha512-se/JjF8NlmKVG4kNIuyWMV/22ZaerB+qaSi5MdrXtd6R08kvs2qCN4C09miupktDitvh8jRFflwGFBQcxZRjbw==

"@esbuild/freebsd-arm64@0.21.5":
  version "0.21.5"
  resolved "https://registry.npmjs.org/@esbuild/freebsd-arm64/-/freebsd-arm64-0.21.5.tgz#646b989aa20bf89fd071dd5dbfad69a3542e550e"
  integrity sha512-5JcRxxRDUJLX8JXp/wcBCy3pENnCgBR9bN6JsY4OmhfUtIHe3ZW0mawA7+RDAcMLrMIZaf03NlQiX9DGyB8h4g==

"@esbuild/freebsd-x64@0.21.5":
  version "0.21.5"
  resolved "https://registry.npmjs.org/@esbuild/freebsd-x64/-/freebsd-x64-0.21.5.tgz#aa615cfc80af954d3458906e38ca22c18cf5c261"
  integrity sha512-J95kNBj1zkbMXtHVH29bBriQygMXqoVQOQYA+ISs0/2l3T9/kj42ow2mpqerRBxDJnmkUDCaQT/dfNXWX/ZZCQ==

"@esbuild/linux-arm64@0.21.5":
  version "0.21.5"
  resolved "https://registry.npmjs.org/@esbuild/linux-arm64/-/linux-arm64-0.21.5.tgz#70ac6fa14f5cb7e1f7f887bcffb680ad09922b5b"
  integrity sha512-ibKvmyYzKsBeX8d8I7MH/TMfWDXBF3db4qM6sy+7re0YXya+K1cem3on9XgdT2EQGMu4hQyZhan7TeQ8XkGp4Q==

"@esbuild/linux-arm@0.21.5":
  version "0.21.5"
  resolved "https://registry.npmjs.org/@esbuild/linux-arm/-/linux-arm-0.21.5.tgz#fc6fd11a8aca56c1f6f3894f2bea0479f8f626b9"
  integrity sha512-bPb5AHZtbeNGjCKVZ9UGqGwo8EUu4cLq68E95A53KlxAPRmUyYv2D6F0uUI65XisGOL1hBP5mTronbgo+0bFcA==

"@esbuild/linux-ia32@0.21.5":
  version "0.21.5"
  resolved "https://registry.npmjs.org/@esbuild/linux-ia32/-/linux-ia32-0.21.5.tgz#3271f53b3f93e3d093d518d1649d6d68d346ede2"
  integrity sha512-YvjXDqLRqPDl2dvRODYmmhz4rPeVKYvppfGYKSNGdyZkA01046pLWyRKKI3ax8fbJoK5QbxblURkwK/MWY18Tg==

"@esbuild/linux-loong64@0.21.5":
  version "0.21.5"
  resolved "https://registry.npmjs.org/@esbuild/linux-loong64/-/linux-loong64-0.21.5.tgz#ed62e04238c57026aea831c5a130b73c0f9f26df"
  integrity sha512-uHf1BmMG8qEvzdrzAqg2SIG/02+4/DHB6a9Kbya0XDvwDEKCoC8ZRWI5JJvNdUjtciBGFQ5PuBlpEOXQj+JQSg==

"@esbuild/linux-mips64el@0.21.5":
  version "0.21.5"
  resolved "https://registry.npmjs.org/@esbuild/linux-mips64el/-/linux-mips64el-0.21.5.tgz#e79b8eb48bf3b106fadec1ac8240fb97b4e64cbe"
  integrity sha512-IajOmO+KJK23bj52dFSNCMsz1QP1DqM6cwLUv3W1QwyxkyIWecfafnI555fvSGqEKwjMXVLokcV5ygHW5b3Jbg==

"@esbuild/linux-ppc64@0.21.5":
  version "0.21.5"
  resolved "https://registry.npmjs.org/@esbuild/linux-ppc64/-/linux-ppc64-0.21.5.tgz#5f2203860a143b9919d383ef7573521fb154c3e4"
  integrity sha512-1hHV/Z4OEfMwpLO8rp7CvlhBDnjsC3CttJXIhBi+5Aj5r+MBvy4egg7wCbe//hSsT+RvDAG7s81tAvpL2XAE4w==

"@esbuild/linux-riscv64@0.21.5":
  version "0.21.5"
  resolved "https://registry.npmjs.org/@esbuild/linux-riscv64/-/linux-riscv64-0.21.5.tgz#07bcafd99322d5af62f618cb9e6a9b7f4bb825dc"
  integrity sha512-2HdXDMd9GMgTGrPWnJzP2ALSokE/0O5HhTUvWIbD3YdjME8JwvSCnNGBnTThKGEB91OZhzrJ4qIIxk/SBmyDDA==

"@esbuild/linux-s390x@0.21.5":
  version "0.21.5"
  resolved "https://registry.npmjs.org/@esbuild/linux-s390x/-/linux-s390x-0.21.5.tgz#b7ccf686751d6a3e44b8627ababc8be3ef62d8de"
  integrity sha512-zus5sxzqBJD3eXxwvjN1yQkRepANgxE9lgOW2qLnmr8ikMTphkjgXu1HR01K4FJg8h1kEEDAqDcZQtbrRnB41A==

"@esbuild/linux-x64@0.21.5":
  version "0.21.5"
  resolved "https://registry.npmjs.org/@esbuild/linux-x64/-/linux-x64-0.21.5.tgz#6d8f0c768e070e64309af8004bb94e68ab2bb3b0"
  integrity sha512-1rYdTpyv03iycF1+BhzrzQJCdOuAOtaqHTWJZCWvijKD2N5Xu0TtVC8/+1faWqcP9iBCWOmjmhoH94dH82BxPQ==

"@esbuild/netbsd-x64@0.21.5":
  version "0.21.5"
  resolved "https://registry.npmjs.org/@esbuild/netbsd-x64/-/netbsd-x64-0.21.5.tgz#bbe430f60d378ecb88decb219c602667387a6047"
  integrity sha512-Woi2MXzXjMULccIwMnLciyZH4nCIMpWQAs049KEeMvOcNADVxo0UBIQPfSmxB3CWKedngg7sWZdLvLczpe0tLg==

"@esbuild/openbsd-x64@0.21.5":
  version "0.21.5"
  resolved "https://registry.npmjs.org/@esbuild/openbsd-x64/-/openbsd-x64-0.21.5.tgz#99d1cf2937279560d2104821f5ccce220cb2af70"
  integrity sha512-HLNNw99xsvx12lFBUwoT8EVCsSvRNDVxNpjZ7bPn947b8gJPzeHWyNVhFsaerc0n3TsbOINvRP2byTZ5LKezow==

"@esbuild/sunos-x64@0.21.5":
  version "0.21.5"
  resolved "https://registry.npmjs.org/@esbuild/sunos-x64/-/sunos-x64-0.21.5.tgz#08741512c10d529566baba837b4fe052c8f3487b"
  integrity sha512-6+gjmFpfy0BHU5Tpptkuh8+uw3mnrvgs+dSPQXQOv3ekbordwnzTVEb4qnIvQcYXq6gzkyTnoZ9dZG+D4garKg==

"@esbuild/win32-arm64@0.21.5":
  version "0.21.5"
  resolved "https://registry.npmjs.org/@esbuild/win32-arm64/-/win32-arm64-0.21.5.tgz#675b7385398411240735016144ab2e99a60fc75d"
  integrity sha512-Z0gOTd75VvXqyq7nsl93zwahcTROgqvuAcYDUr+vOv8uHhNSKROyU961kgtCD1e95IqPKSQKH7tBTslnS3tA8A==

"@esbuild/win32-ia32@0.21.5":
  version "0.21.5"
  resolved "https://registry.npmjs.org/@esbuild/win32-ia32/-/win32-ia32-0.21.5.tgz#1bfc3ce98aa6ca9a0969e4d2af72144c59c1193b"
  integrity sha512-SWXFF1CL2RVNMaVs+BBClwtfZSvDgtL//G/smwAc5oVK/UPu2Gu9tIaRgFmYFFKrmg3SyAjSrElf0TiJ1v8fYA==

"@esbuild/win32-x64@0.21.5":
  version "0.21.5"
  resolved "https://registry.npmjs.org/@esbuild/win32-x64/-/win32-x64-0.21.5.tgz#acad351d582d157bb145535db2a6ff53dd514b5c"
  integrity sha512-tQd/1efJuzPC6rCFwEvLtci/xNFcTZknmXs98FYDfGE4wP9ClFV98nyKrzJKVPMhdDnjzLhdUyMX4PsQAPjwIw==

"@fastify/deepmerge@^1.3.0":
  version "1.3.0"
  resolved "https://registry.npmjs.org/@fastify/deepmerge/-/deepmerge-1.3.0.tgz#8116858108f0c7d9fd460d05a7d637a13fe3239a"
  integrity sha512-J8TOSBq3SoZbDhM9+R/u77hP93gz/rajSA+K2kGyijPpORPWUXHUpTaleoj+92As0S9uPRP7Oi8IqMf0u+ro6A==

"@jridgewell/sourcemap-codec@^1.5.0":
  version "1.5.0"
  resolved "https://registry.npmjs.org/@jridgewell/sourcemap-codec/-/sourcemap-codec-1.5.0.tgz#3188bcb273a414b0d215fd22a58540b989b9409a"
  integrity sha512-gv3ZRaISU3fjPAgNsriBRqGWQL6quFx04YMPW/zD8XMLsU32mhCCbfbO6KZFLjvYpCZ8zyDEgqsgf+PwPaM7GQ==

"@lrc-maker/lrc-parser@^0.1.17":
  version "0.1.17"
  resolved "https://registry.npmjs.org/@lrc-maker/lrc-parser/-/lrc-parser-0.1.17.tgz#27bb65f56e0bccbef4079d4ff067aef866aa6e2e"
  integrity sha512-oDlWDDsiHcOdEsQSnBPdQRIu5KFG96nJmOU3XI6g6F8HsTbq4S6IekRCyDQ6OhbJOrfjpsh15TLJFO7Bx+epJg==

"@oxlint/darwin-arm64@0.4.4":
  version "0.4.4"
  resolved "https://registry.npmjs.org/@oxlint/darwin-arm64/-/darwin-arm64-0.4.4.tgz#8fd72454ec6a9c7a855fc0fa663057ca468ac3c9"
  integrity sha512-3XqHh9uz9IROFRSJTkH81BDHERglneH4YzcchWOlkckCTHh/V5/THbTY6sA7FK3a7uJVysKJu0zgRhsyXoUNUA==

"@oxlint/darwin-x64@0.4.4":
  version "0.4.4"
  resolved "https://registry.npmjs.org/@oxlint/darwin-x64/-/darwin-x64-0.4.4.tgz#232ccb2305885e446792d75a4a6ff20e472a5fd4"
  integrity sha512-41/as9u+MRTmY0egr42j9Q7RMNoKEy1Uw/v+4K/5gJp1cnY99K7pGsqgbD6nMvaDbenbt8vwNSYoF2UzmUDcoQ==

"@oxlint/linux-arm64-gnu@0.4.4":
  version "0.4.4"
  resolved "https://registry.npmjs.org/@oxlint/linux-arm64-gnu/-/linux-arm64-gnu-0.4.4.tgz#86e2abf9a2b3ac0b5464ca6a6b489f383378c9c5"
  integrity sha512-LTOtEliKPWJzVC6qs1M0IoND0yFchWkKS6agFSmzGmfe523geC+eATq3slFvUPdSzdLAgk6v2juol7JxaI2+vg==

"@oxlint/linux-arm64-musl@0.4.4":
  version "0.4.4"
  resolved "https://registry.npmjs.org/@oxlint/linux-arm64-musl/-/linux-arm64-musl-0.4.4.tgz#1bf9f6136150fdbd4a24d32e36c1bc2b2b705637"
  integrity sha512-hTmCi57YnUUxUxOWSdLEdN7IFkcJylsAZuWcVLjMCiPtTcyTeY6wPrUFqNSGLG+Gvqj/2g0aqzKt3eJBfDSOzg==

"@oxlint/linux-x64-gnu@0.4.4":
  version "0.4.4"
  resolved "https://registry.npmjs.org/@oxlint/linux-x64-gnu/-/linux-x64-gnu-0.4.4.tgz#fd8d3b099b2767fd2829efc4e7b7b598492a83b6"
  integrity sha512-nqQr/Zj86F56EvpcbZMXEsYpUS+wpEAH1jahg70ApAEeq+EoVBqMZPv4sV1vAIy/R20f00a891fz13RGkorMnw==

"@oxlint/linux-x64-musl@0.4.4":
  version "0.4.4"
  resolved "https://registry.npmjs.org/@oxlint/linux-x64-musl/-/linux-x64-musl-0.4.4.tgz#13bc3511b7317cb3ecf77468ed4766fcdc34b642"
  integrity sha512-MdyAoQgLQf/ZzneV+cCWD++6ATKWEEp1VPa61664uCYtJIKRKiavPwT5BN+nQ197Bn7n/k6pOHmo/3n8+PCFNg==

"@oxlint/win32-arm64@0.4.4":
  version "0.4.4"
  resolved "https://registry.npmjs.org/@oxlint/win32-arm64/-/win32-arm64-0.4.4.tgz#19ecd1e67e20d6ba79d1aeb9288748b09b74e8f8"
  integrity sha512-m1azJG8XD7Po1Las7ftYFvtSUaVju1V9ic771x6/Su+8vt1Iz2pDwG7jDK+5hHbS17w8qHCYcg/IDRFHuFsOeQ==

"@oxlint/win32-x64@0.4.4":
  version "0.4.4"
  resolved "https://registry.npmjs.org/@oxlint/win32-x64/-/win32-x64-0.4.4.tgz#b926f00c540981ebb524e07adbfcb33a997845ec"
  integrity sha512-4ZyCtwNHqfOPzSPoEUHuFxcYCxRGMTB9ZmDJCVZGVbxwE462FPz6IfoinEqaiesgnuaBqN78CkLqW5kfhnxm+A==

"@rollup/pluginutils@^5.1.0":
  version "5.1.0"
  resolved "https://registry.npmjs.org/@rollup/pluginutils/-/pluginutils-5.1.0.tgz#7e53eddc8c7f483a4ad0b94afb1f7f5fd3c771e0"
  integrity sha512-XTIWOPPcpvyKI6L1NHo0lFlCyznUEyPmPY1mc3KpPVDYulHSTvyeLNVW00QTLIAFNhR3kYnJTQHeGqU4M3n09g==
  dependencies:
    "@types/estree" "^1.0.0"
    estree-walker "^2.0.2"
    picomatch "^2.3.1"

"@rollup/rollup-android-arm-eabi@4.21.2":
  version "4.21.2"
  resolved "https://registry.npmjs.org/@rollup/rollup-android-arm-eabi/-/rollup-android-arm-eabi-4.21.2.tgz#0412834dc423d1ff7be4cb1fc13a86a0cd262c11"
  integrity sha512-fSuPrt0ZO8uXeS+xP3b+yYTCBUd05MoSp2N/MFOgjhhUhMmchXlpTQrTpI8T+YAwAQuK7MafsCOxW7VrPMrJcg==

"@rollup/rollup-android-arm64@4.21.2":
  version "4.21.2"
  resolved "https://registry.npmjs.org/@rollup/rollup-android-arm64/-/rollup-android-arm64-4.21.2.tgz#baf1a014b13654f3b9e835388df9caf8c35389cb"
  integrity sha512-xGU5ZQmPlsjQS6tzTTGwMsnKUtu0WVbl0hYpTPauvbRAnmIvpInhJtgjj3mcuJpEiuUw4v1s4BimkdfDWlh7gA==

"@rollup/rollup-darwin-arm64@4.21.2":
  version "4.21.2"
  resolved "https://registry.npmjs.org/@rollup/rollup-darwin-arm64/-/rollup-darwin-arm64-4.21.2.tgz#0a2c364e775acdf1172fe3327662eec7c46e55b1"
  integrity sha512-99AhQ3/ZMxU7jw34Sq8brzXqWH/bMnf7ZVhvLk9QU2cOepbQSVTns6qoErJmSiAvU3InRqC2RRZ5ovh1KN0d0Q==

"@rollup/rollup-darwin-x64@4.21.2":
  version "4.21.2"
  resolved "https://registry.npmjs.org/@rollup/rollup-darwin-x64/-/rollup-darwin-x64-4.21.2.tgz#a972db75890dfab8df0da228c28993220a468c42"
  integrity sha512-ZbRaUvw2iN/y37x6dY50D8m2BnDbBjlnMPotDi/qITMJ4sIxNY33HArjikDyakhSv0+ybdUxhWxE6kTI4oX26w==

"@rollup/rollup-linux-arm-gnueabihf@4.21.2":
  version "4.21.2"
  resolved "https://registry.npmjs.org/@rollup/rollup-linux-arm-gnueabihf/-/rollup-linux-arm-gnueabihf-4.21.2.tgz#1609d0630ef61109dd19a278353e5176d92e30a1"
  integrity sha512-ztRJJMiE8nnU1YFcdbd9BcH6bGWG1z+jP+IPW2oDUAPxPjo9dverIOyXz76m6IPA6udEL12reYeLojzW2cYL7w==

"@rollup/rollup-linux-arm-musleabihf@4.21.2":
  version "4.21.2"
  resolved "https://registry.npmjs.org/@rollup/rollup-linux-arm-musleabihf/-/rollup-linux-arm-musleabihf-4.21.2.tgz#3c1dca5f160aa2e79e4b20ff6395eab21804f266"
  integrity sha512-flOcGHDZajGKYpLV0JNc0VFH361M7rnV1ee+NTeC/BQQ1/0pllYcFmxpagltANYt8FYf9+kL6RSk80Ziwyhr7w==

"@rollup/rollup-linux-arm64-gnu@4.21.2":
  version "4.21.2"
  resolved "https://registry.npmjs.org/@rollup/rollup-linux-arm64-gnu/-/rollup-linux-arm64-gnu-4.21.2.tgz#c2fe376e8b04eafb52a286668a8df7c761470ac7"
  integrity sha512-69CF19Kp3TdMopyteO/LJbWufOzqqXzkrv4L2sP8kfMaAQ6iwky7NoXTp7bD6/irKgknDKM0P9E/1l5XxVQAhw==

"@rollup/rollup-linux-arm64-musl@4.21.2":
  version "4.21.2"
  resolved "https://registry.npmjs.org/@rollup/rollup-linux-arm64-musl/-/rollup-linux-arm64-musl-4.21.2.tgz#e62a4235f01e0f66dbba587c087ca6db8008ec80"
  integrity sha512-48pD/fJkTiHAZTnZwR0VzHrao70/4MlzJrq0ZsILjLW/Ab/1XlVUStYyGt7tdyIiVSlGZbnliqmult/QGA2O2w==

"@rollup/rollup-linux-powerpc64le-gnu@4.21.2":
  version "4.21.2"
  resolved "https://registry.npmjs.org/@rollup/rollup-linux-powerpc64le-gnu/-/rollup-linux-powerpc64le-gnu-4.21.2.tgz#24b3457e75ee9ae5b1c198bd39eea53222a74e54"
  integrity sha512-cZdyuInj0ofc7mAQpKcPR2a2iu4YM4FQfuUzCVA2u4HI95lCwzjoPtdWjdpDKyHxI0UO82bLDoOaLfpZ/wviyQ==

"@rollup/rollup-linux-riscv64-gnu@4.21.2":
  version "4.21.2"
  resolved "https://registry.npmjs.org/@rollup/rollup-linux-riscv64-gnu/-/rollup-linux-riscv64-gnu-4.21.2.tgz#38edfba9620fe2ca8116c97e02bd9f2d606bde09"
  integrity sha512-RL56JMT6NwQ0lXIQmMIWr1SW28z4E4pOhRRNqwWZeXpRlykRIlEpSWdsgNWJbYBEWD84eocjSGDu/XxbYeCmwg==

"@rollup/rollup-linux-s390x-gnu@4.21.2":
  version "4.21.2"
  resolved "https://registry.npmjs.org/@rollup/rollup-linux-s390x-gnu/-/rollup-linux-s390x-gnu-4.21.2.tgz#a3bfb8bc5f1e802f8c76cff4a4be2e9f9ac36a18"
  integrity sha512-PMxkrWS9z38bCr3rWvDFVGD6sFeZJw4iQlhrup7ReGmfn7Oukrr/zweLhYX6v2/8J6Cep9IEA/SmjXjCmSbrMQ==

"@rollup/rollup-linux-x64-gnu@4.21.2":
  version "4.21.2"
  resolved "https://registry.npmjs.org/@rollup/rollup-linux-x64-gnu/-/rollup-linux-x64-gnu-4.21.2.tgz#0dadf34be9199fcdda44b5985a086326344f30ad"
  integrity sha512-B90tYAUoLhU22olrafY3JQCFLnT3NglazdwkHyxNDYF/zAxJt5fJUB/yBoWFoIQ7SQj+KLe3iL4BhOMa9fzgpw==

"@rollup/rollup-linux-x64-musl@4.21.2":
  version "4.21.2"
  resolved "https://registry.npmjs.org/@rollup/rollup-linux-x64-musl/-/rollup-linux-x64-musl-4.21.2.tgz#7b7deddce240400eb87f2406a445061b4fed99a8"
  integrity sha512-7twFizNXudESmC9oneLGIUmoHiiLppz/Xs5uJQ4ShvE6234K0VB1/aJYU3f/4g7PhssLGKBVCC37uRkkOi8wjg==

"@rollup/rollup-win32-arm64-msvc@4.21.2":
  version "4.21.2"
  resolved "https://registry.npmjs.org/@rollup/rollup-win32-arm64-msvc/-/rollup-win32-arm64-msvc-4.21.2.tgz#a0ca0c5149c2cfb26fab32e6ba3f16996fbdb504"
  integrity sha512-9rRero0E7qTeYf6+rFh3AErTNU1VCQg2mn7CQcI44vNUWM9Ze7MSRS/9RFuSsox+vstRt97+x3sOhEey024FRQ==

"@rollup/rollup-win32-ia32-msvc@4.21.2":
  version "4.21.2"
  resolved "https://registry.npmjs.org/@rollup/rollup-win32-ia32-msvc/-/rollup-win32-ia32-msvc-4.21.2.tgz#aae2886beec3024203dbb5569db3a137bc385f8e"
  integrity sha512-5rA4vjlqgrpbFVVHX3qkrCo/fZTj1q0Xxpg+Z7yIo3J2AilW7t2+n6Q8Jrx+4MrYpAnjttTYF8rr7bP46BPzRw==

"@rollup/rollup-win32-x64-msvc@4.21.2":
  version "4.21.2"
  resolved "https://registry.npmjs.org/@rollup/rollup-win32-x64-msvc/-/rollup-win32-x64-msvc-4.21.2.tgz#e4291e3c1bc637083f87936c333cdbcad22af63b"
  integrity sha512-6UUxd0+SKomjdzuAcp+HAmxw1FlGBnl1v2yEPSabtx4lBfdXHDVsW7+lQkgz9cNFJGY3AWR7+V8P5BqkD9L9nA==

"@swc/core-darwin-arm64@1.7.24":
  version "1.7.24"
  resolved "https://registry.npmjs.org/@swc/core-darwin-arm64/-/core-darwin-arm64-1.7.24.tgz#a2de30805965baa4e0d915472cf7009c091c7ce1"
  integrity sha512-s0k09qAcsoa8jIncwgRRd43VApYqXu28R4OmICtDffV4S01HtsRLRarXsMuLutoZk3tbxqitep+A8MPBuqNgdg==

"@swc/core-darwin-x64@1.7.24":
  version "1.7.24"
  resolved "https://registry.npmjs.org/@swc/core-darwin-x64/-/core-darwin-x64-1.7.24.tgz#855a20f6140908cc07ea6ccf8f65929d7d8af4c2"
  integrity sha512-1dlsulJ/fiOoJoJyQgaCewIEaZ7Sh6aJN4r5Uhl4lIZuNWa27XOb28A3K29/6HDO9JML3IJrvXPnl5o0vxDQuQ==

"@swc/core-linux-arm-gnueabihf@1.7.24":
  version "1.7.24"
  resolved "https://registry.npmjs.org/@swc/core-linux-arm-gnueabihf/-/core-linux-arm-gnueabihf-1.7.24.tgz#895887705323cd29f86f4056b4c8906fcb9071b9"
  integrity sha512-2ft1NmxyvHCu5CY4r2rNVybPqZtJaxpRSzvCcPlVjN/2D5Q3QgM5kBoo1t+0RCFfk4TS2V0KWJhtqKz0CNX62Q==

"@swc/core-linux-arm64-gnu@1.7.24":
  version "1.7.24"
  resolved "https://registry.npmjs.org/@swc/core-linux-arm64-gnu/-/core-linux-arm64-gnu-1.7.24.tgz#e76145b6e29ba1e22143a2f67407039c42f82105"
  integrity sha512-v/Z8I9tUUNkNHKa1Sw4r1Q7Wp66ezbRhe6xMIxvPNKVJQFaMOsRpe0t8T5qbk5sV2hJGOCKpQynSpZqQXLcJDQ==

"@swc/core-linux-arm64-musl@1.7.24":
  version "1.7.24"
  resolved "https://registry.npmjs.org/@swc/core-linux-arm64-musl/-/core-linux-arm64-musl-1.7.24.tgz#b4e042ae4f949ed5d5b4cad65aacbf39ec222948"
  integrity sha512-0jJx0IcajcyOXaJsx1jXy86lYVrbupyy2VUj/OiJux/ic4oBJLjfL+WOuc8T8/hZj2p6X0X4jvfSCqWSuic4kA==

"@swc/core-linux-x64-gnu@1.7.24":
  version "1.7.24"
  resolved "https://registry.npmjs.org/@swc/core-linux-x64-gnu/-/core-linux-x64-gnu-1.7.24.tgz#b5b619aa7b73cbe6348e01fb982e093c97bbbaf6"
  integrity sha512-2+3aKQpSGjVnWKDTKUPuJzitQlTQrGorg+PVFMRkv6l+RcNCHZQNe/8VYpMhyBhxDMb3LUlbp7776FRevcruxg==

"@swc/core-linux-x64-musl@1.7.24":
  version "1.7.24"
  resolved "https://registry.npmjs.org/@swc/core-linux-x64-musl/-/core-linux-x64-musl-1.7.24.tgz#7c026225df4763b220061d69802a3e5fe9a2285a"
  integrity sha512-PMQ6SkCtMoj0Ks77DiishpEmIuHpYjFLDuVOzzJCzGeGoii0yRP5lKy/VeglFYLPqJzmhK9BHlpVehVf/8ZpvA==

"@swc/core-win32-arm64-msvc@1.7.24":
  version "1.7.24"
  resolved "https://registry.npmjs.org/@swc/core-win32-arm64-msvc/-/core-win32-arm64-msvc-1.7.24.tgz#0cc829761f92343d9bdeeb0262a67c8d088b704d"
  integrity sha512-SNdCa4DtGXNWrPVHqctVUxgEVZVETuqERpqF50KFHO0Bvf5V/m1IJ4hFr2BxXlrzgnIW4t1Dpi6YOJbcGbEmnA==

"@swc/core-win32-ia32-msvc@1.7.24":
  version "1.7.24"
  resolved "https://registry.npmjs.org/@swc/core-win32-ia32-msvc/-/core-win32-ia32-msvc-1.7.24.tgz#7d6cb2aaa0f4203ec1090f607223d0dbabc66459"
  integrity sha512-5p3olHqwibMfrVFg2yVuSIPh9HArDYYlJXNZ9JKqeZk23A19J1pl9MuPmXDw+sxsiPfYJ/nUedIGeUHPF/+EDw==

"@swc/core-win32-x64-msvc@1.7.24":
  version "1.7.24"
  resolved "https://registry.npmjs.org/@swc/core-win32-x64-msvc/-/core-win32-x64-msvc-1.7.24.tgz#dd8f7688f2f1404566fc252d4f45bf1f84426a3d"
  integrity sha512-gRyPIxDznS8d2ClfmWbytjp2d48bij6swHnDLWhukNuOvXdQkEmaIzjEsionFG/zhcFLnz8zKfTvjEjInAMzxg==

"@swc/core@^1.3.96":
  version "1.7.24"
  resolved "https://registry.npmjs.org/@swc/core/-/core-1.7.24.tgz#f2a9f8ec44169d5bce374c0a4b59fde5bcc73bc1"
  integrity sha512-FzJaai6z6DYdICAY1UKNN5pzTn296ksK2zzEjjaXlpZtoMkGktWT0ttS7hbdBCPGhLOu5Q9TA2zdPejKUFjgig==
  dependencies:
    "@swc/counter" "^0.1.3"
    "@swc/types" "^0.1.12"
  optionalDependencies:
    "@swc/core-darwin-arm64" "1.7.24"
    "@swc/core-darwin-x64" "1.7.24"
    "@swc/core-linux-arm-gnueabihf" "1.7.24"
    "@swc/core-linux-arm64-gnu" "1.7.24"
    "@swc/core-linux-arm64-musl" "1.7.24"
    "@swc/core-linux-x64-gnu" "1.7.24"
    "@swc/core-linux-x64-musl" "1.7.24"
    "@swc/core-win32-arm64-msvc" "1.7.24"
    "@swc/core-win32-ia32-msvc" "1.7.24"
    "@swc/core-win32-x64-msvc" "1.7.24"

"@swc/counter@^0.1.3":
  version "0.1.3"
  resolved "https://registry.npmjs.org/@swc/counter/-/counter-0.1.3.tgz#cc7463bd02949611c6329596fccd2b0ec782b0e9"
  integrity sha512-e2BR4lsJkkRlKZ/qCHPw9ZaSxc0MVUd7gtbtaB7aMvHeJVYe8sOB8DBZkP2DtISHGSku9sCK6T6cnY0CtXrOCQ==

"@swc/types@^0.1.12":
  version "0.1.12"
  resolved "https://registry.npmjs.org/@swc/types/-/types-0.1.12.tgz#7f632c06ab4092ce0ebd046ed77ff7557442282f"
  integrity sha512-wBJA+SdtkbFhHjTMYH+dEH1y4VpfGdAc2Kw/LK09i9bXd/K6j6PkDcFCEzb6iVfZMkPRrl/q0e3toqTAJdkIVA==
  dependencies:
    "@swc/counter" "^0.1.3"

"@types/estree@1.0.5", "@types/estree@^1.0.0":
  version "1.0.5"
  resolved "https://registry.npmjs.org/@types/estree/-/estree-1.0.5.tgz#a6ce3e556e00fd9895dd872dd172ad0d4bd687f4"
  integrity sha512-/kYRxGDLWzHOB7q+wtSUQlFrtcdUccpfy+X+9iMBpHK8QLLhx2wIPYuS5DYtR9Wa/YlZAbIovy7qVdB1Aq6Lyw==

"@types/node@^20.9.1":
  version "20.16.5"
  resolved "https://registry.npmjs.org/@types/node/-/node-20.16.5.tgz#d43c7f973b32ffdf9aa7bd4f80e1072310fd7a53"
  integrity sha512-VwYCweNo3ERajwy0IUlqqcyZ8/A7Zwa9ZP3MnENWcB11AejO+tLy3pu850goUW2FC/IJMdZUfKpX/yxL1gymCA==
  dependencies:
    undici-types "~6.19.2"

"@types/prop-types@*":
  version "15.7.12"
  resolved "https://registry.npmjs.org/@types/prop-types/-/prop-types-15.7.12.tgz#12bb1e2be27293c1406acb6af1c3f3a1481d98c6"
  integrity sha512-5zvhXYtRNRluoE/jAp4GVsSduVUzNWKkOZrCDBWYtE7biZywwdC2AcEzg+cSMLFRfVgeAFqpfNabiPjxFddV1Q==

"@types/react-dom@^18.2.15":
  version "18.3.0"
  resolved "https://registry.npmjs.org/@types/react-dom/-/react-dom-18.3.0.tgz#0cbc818755d87066ab6ca74fbedb2547d74a82b0"
  integrity sha512-EhwApuTmMBmXuFOikhQLIBUn6uFg81SwLMOAUgodJF14SOBOCMdU04gDoYi0WOJJHD144TL32z4yDqCW3dnkQg==
  dependencies:
    "@types/react" "*"

"@types/react@*", "@types/react@^18.2.37":
  version "18.3.5"
  resolved "https://registry.npmjs.org/@types/react/-/react-18.3.5.tgz#5f524c2ad2089c0ff372bbdabc77ca2c4dbadf8f"
  integrity sha512-WeqMfGJLGuLCqHGYRGHxnKrXcTitc6L/nBUWfWPcTarG3t9PsquqUMuVeXZeca+mglY4Vo5GZjCi0A3Or2lnxA==
  dependencies:
    "@types/prop-types" "*"
    csstype "^3.0.2"

core-js@^3.33.2:
  version "3.38.1"
  resolved "https://registry.npmjs.org/core-js/-/core-js-3.38.1.tgz#aa375b79a286a670388a1a363363d53677c0383e"
  integrity sha512-OP35aUorbU3Zvlx7pjsFdu1rGNnD4pgw/CWoYzRY3t2EzoVT7shKHY1dlAy3f41cGIO7ZDPQimhGFTlEYkG/Hw==

csstype@^3.0.2:
  version "3.1.3"
  resolved "https://registry.npmjs.org/csstype/-/csstype-3.1.3.tgz#d80ff294d114fb0e6ac500fbf85b60137d7eff81"
  integrity sha512-M1uQkMl8rQK/szD0LNhtqxIPLpimGm8sOBwU7lLnCpSbTyY3yeU1Vc7l4KT5zT4s/yOxHH5O7tIuuLOCnLADRw==

detect-libc@^1.0.3:
  version "1.0.3"
  resolved "https://registry.npmjs.org/detect-libc/-/detect-libc-1.0.3.tgz#fa137c4bd698edf55cd5cd02ac559f91a4c4ba9b"
  integrity sha512-pGjwhsmsp4kL2RTz08wcOlGN83otlqHeD/Z5T8GXZB+/YcpQ/dgo+lbU8ZsGxV0HIvqqxo9l7mqYwyYMD9bKDg==

dprint@^0.45.0:
  version "0.45.1"
  resolved "https://registry.npmjs.org/dprint/-/dprint-0.45.1.tgz#3cab696fb0eb0f95d975eb534832f2d998aa8819"
  integrity sha512-OYefcDgxd6jSdig/Cfkw1vdvyiOIRruCPnqGBbXpc95buDt9kvwL+Lic1OHc+SaQSsQub0BUZMd5+TNgy8Sh3A==
  optionalDependencies:
    "@dprint/darwin-arm64" "0.45.1"
    "@dprint/darwin-x64" "0.45.1"
    "@dprint/linux-arm64-glibc" "0.45.1"
    "@dprint/linux-arm64-musl" "0.45.1"
    "@dprint/linux-x64-glibc" "0.45.1"
    "@dprint/linux-x64-musl" "0.45.1"
    "@dprint/win32-x64" "0.45.1"

esbuild@^0.21.3:
  version "0.21.5"
  resolved "https://registry.npmjs.org/esbuild/-/esbuild-0.21.5.tgz#9ca301b120922959b766360d8ac830da0d02997d"
  integrity sha512-mg3OPMV4hXywwpoDxu3Qda5xCKQi+vCTZq8S9J/EpkhB2HzKXq4SNFZE3+NK93JYxc8VMSep+lOUSC/RVKaBqw==
  optionalDependencies:
    "@esbuild/aix-ppc64" "0.21.5"
    "@esbuild/android-arm" "0.21.5"
    "@esbuild/android-arm64" "0.21.5"
    "@esbuild/android-x64" "0.21.5"
    "@esbuild/darwin-arm64" "0.21.5"
    "@esbuild/darwin-x64" "0.21.5"
    "@esbuild/freebsd-arm64" "0.21.5"
    "@esbuild/freebsd-x64" "0.21.5"
    "@esbuild/linux-arm" "0.21.5"
    "@esbuild/linux-arm64" "0.21.5"
    "@esbuild/linux-ia32" "0.21.5"
    "@esbuild/linux-loong64" "0.21.5"
    "@esbuild/linux-mips64el" "0.21.5"
    "@esbuild/linux-ppc64" "0.21.5"
    "@esbuild/linux-riscv64" "0.21.5"
    "@esbuild/linux-s390x" "0.21.5"
    "@esbuild/linux-x64" "0.21.5"
    "@esbuild/netbsd-x64" "0.21.5"
    "@esbuild/openbsd-x64" "0.21.5"
    "@esbuild/sunos-x64" "0.21.5"
    "@esbuild/win32-arm64" "0.21.5"
    "@esbuild/win32-ia32" "0.21.5"
    "@esbuild/win32-x64" "0.21.5"

estree-walker@^2.0.2:
  version "2.0.2"
  resolved "https://registry.npmjs.org/estree-walker/-/estree-walker-2.0.2.tgz#52f010178c2a4c117a7757cfe942adb7d2da4cac"
  integrity sha512-Rfkk/Mp/DL7JVje3u18FxFujQlTNR2q6QfMSMB7AvCBx91NGj/ba3kCfza0f6dVDbw7YlRf/nDrn7pQrCCyQ/w==

fsevents@~2.3.2, fsevents@~2.3.3:
  version "2.3.3"
  resolved "https://registry.npmjs.org/fsevents/-/fsevents-2.3.3.tgz#cac6407785d03675a2a5e1a5305c697b347d90d6"
  integrity sha512-5xoDfX+fL7faATnagmWPpbFtwh/R77WmMMqqHGS65C3vvB0YHrgF+B1YmZ3441tMj5n63k0212XNoJwzlhffQw==

gen_dep_tag@^0.0.3:
  version "0.0.3"
  resolved "https://registry.npmjs.org/gen_dep_tag/-/gen_dep_tag-0.0.3.tgz#ca8ac36dd89e68951f6412de8499c65d20810379"
  integrity sha512-2TCKUqo7dBlyEtrHRg24lRXj54qfgW7bAyC04OeF/IID/JS91yy5AIfTtcQvraVT+TK2A/F95DDXpZmbG2J7pw==

get-tsconfig@^4.7.3:
  version "4.8.0"
  resolved "https://registry.npmjs.org/get-tsconfig/-/get-tsconfig-4.8.0.tgz#125dc13a316f61650a12b20c97c11b8fd996fedd"
  integrity sha512-Pgba6TExTZ0FJAn1qkJAjIeKoDJ3CsI2ChuLohJnZl/tTU8MVrq3b+2t5UOPfRa4RMsorClBjJALkJUMjG1PAw==
  dependencies:
    resolve-pkg-maps "^1.0.0"

"js-tokens@^3.0.0 || ^4.0.0":
  version "4.0.0"
  resolved "https://registry.npmjs.org/js-tokens/-/js-tokens-4.0.0.tgz#19203fb59991df98e3a287050d4647cdeaf32499"
  integrity sha512-RdJUflcE3cUzKiMqQgsCu06FPu9UdIJO0beYbPhHN4k6apgJtifcoCtT9bcxOpYBtpD2kCM6Sbzg4CausW/PKQ==

lightningcss-darwin-arm64@1.25.1:
  version "1.25.1"
  resolved "https://registry.npmjs.org/lightningcss-darwin-arm64/-/lightningcss-darwin-arm64-1.25.1.tgz#f2943d6dc1a4d331de0ff9ad54cd03cf10e0ead3"
  integrity sha512-G4Dcvv85bs5NLENcu/s1f7ehzE3D5ThnlWSDwE190tWXRQCQaqwcuHe+MGSVI/slm0XrxnaayXY+cNl3cSricw==

lightningcss-darwin-x64@1.25.1:
  version "1.25.1"
  resolved "https://registry.npmjs.org/lightningcss-darwin-x64/-/lightningcss-darwin-x64-1.25.1.tgz#dc5d2d5c4372308b1a326a8c5efcc3e489b654c6"
  integrity sha512-dYWuCzzfqRueDSmto6YU5SoGHvZTMU1Em9xvhcdROpmtOQLorurUZz8+xFxZ51lCO2LnYbfdjZ/gCqWEkwixNg==

lightningcss-freebsd-x64@1.25.1:
  version "1.25.1"
  resolved "https://registry.npmjs.org/lightningcss-freebsd-x64/-/lightningcss-freebsd-x64-1.25.1.tgz#bb37f25c2d136ff33b25dd08bee5e167afacc49c"
  integrity sha512-hXoy2s9A3KVNAIoKz+Fp6bNeY+h9c3tkcx1J3+pS48CqAt+5bI/R/YY4hxGL57fWAIquRjGKW50arltD6iRt/w==

lightningcss-linux-arm-gnueabihf@1.25.1:
  version "1.25.1"
  resolved "https://registry.npmjs.org/lightningcss-linux-arm-gnueabihf/-/lightningcss-linux-arm-gnueabihf-1.25.1.tgz#b5395b55fb8a4cea87e2723c5c61a5124a0d4c42"
  integrity sha512-tWyMgHFlHlp1e5iW3EpqvH5MvsgoN7ZkylBbG2R2LWxnvH3FuWCJOhtGcYx9Ks0Kv0eZOBud789odkYLhyf1ng==

lightningcss-linux-arm64-gnu@1.25.1:
  version "1.25.1"
  resolved "https://registry.npmjs.org/lightningcss-linux-arm64-gnu/-/lightningcss-linux-arm64-gnu-1.25.1.tgz#4303c196d8d32b66b6a2f7c939c938bd0f138f75"
  integrity sha512-Xjxsx286OT9/XSnVLIsFEDyDipqe4BcLeB4pXQ/FEA5+2uWCCuAEarUNQumRucnj7k6ftkAHUEph5r821KBccQ==

lightningcss-linux-arm64-musl@1.25.1:
  version "1.25.1"
  resolved "https://registry.npmjs.org/lightningcss-linux-arm64-musl/-/lightningcss-linux-arm64-musl-1.25.1.tgz#f45d7c832bb9c73a13dfc59c8de4692f7e47040a"
  integrity sha512-IhxVFJoTW8wq6yLvxdPvyHv4NjzcpN1B7gjxrY3uaykQNXPHNIpChLB52+wfH+yS58zm1PL4LemUp8u9Cfp6Bw==

lightningcss-linux-x64-gnu@1.25.1:
  version "1.25.1"
  resolved "https://registry.npmjs.org/lightningcss-linux-x64-gnu/-/lightningcss-linux-x64-gnu-1.25.1.tgz#a0836d5d25601ea8ef23292a748ea9e52d5bc086"
  integrity sha512-RXIaru79KrREPEd6WLXfKfIp4QzoppZvD3x7vuTKkDA64PwTzKJ2jaC43RZHRt8BmyIkRRlmywNhTRMbmkPYpA==

lightningcss-linux-x64-musl@1.25.1:
  version "1.25.1"
  resolved "https://registry.npmjs.org/lightningcss-linux-x64-musl/-/lightningcss-linux-x64-musl-1.25.1.tgz#6f92021bae952645fe297bea10467c3cccba0138"
  integrity sha512-TdcNqFsAENEEFr8fJWg0Y4fZ/nwuqTRsIr7W7t2wmDUlA8eSXVepeeONYcb+gtTj1RaXn/WgNLB45SFkz+XBZA==

lightningcss-win32-x64-msvc@1.25.1:
  version "1.25.1"
  resolved "https://registry.npmjs.org/lightningcss-win32-x64-msvc/-/lightningcss-win32-x64-msvc-1.25.1.tgz#1431840070e5976d5c5b06e44e4304606a01fb05"
  integrity sha512-9KZZkmmy9oGDSrnyHuxP6iMhbsgChUiu/NSgOx+U1I/wTngBStDf2i2aGRCHvFqj19HqqBEI4WuGVQBa2V6e0A==

lightningcss@1.25.1:
  version "1.25.1"
  resolved "https://registry.npmjs.org/lightningcss/-/lightningcss-1.25.1.tgz#6136c166ac61891fbc1af7fba7b620c50f58fb2d"
  integrity sha512-V0RMVZzK1+rCHpymRv4URK2lNhIRyO8g7U7zOFwVAhJuat74HtkjIQpQRKNCwFEYkRGpafOpmXXLoaoBcyVtBg==
  dependencies:
    detect-libc "^1.0.3"
  optionalDependencies:
    lightningcss-darwin-arm64 "1.25.1"
    lightningcss-darwin-x64 "1.25.1"
    lightningcss-freebsd-x64 "1.25.1"
    lightningcss-linux-arm-gnueabihf "1.25.1"
    lightningcss-linux-arm64-gnu "1.25.1"
    lightningcss-linux-arm64-musl "1.25.1"
    lightningcss-linux-x64-gnu "1.25.1"
    lightningcss-linux-x64-musl "1.25.1"
    lightningcss-win32-x64-msvc "1.25.1"

loose-envify@^1.1.0:
  version "1.4.0"
  resolved "https://registry.npmjs.org/loose-envify/-/loose-envify-1.4.0.tgz#71ee51fa7be4caec1a63839f7e682d8132d30caf"
  integrity sha512-lyuxPGr/Wfhrlem2CL/UcnUc1zcqKAImBDzukY7Y5F/yQiNdko6+fRLevlw1HgMySw7f611UIY408EtxRSoK3Q==
  dependencies:
    js-tokens "^3.0.0 || ^4.0.0"

magic-string@^0.30.5:
  version "0.30.11"
  resolved "https://registry.npmjs.org/magic-string/-/magic-string-0.30.11.tgz#301a6f93b3e8c2cb13ac1a7a673492c0dfd12954"
  integrity sha512-+Wri9p0QHMy+545hKww7YAu5NyzF8iomPL/RQazugQ9+Ez4Ic3mERMd8ZTX5rfK944j+560ZJi8iAwgak1Ac7A==
  dependencies:
    "@jridgewell/sourcemap-codec" "^1.5.0"

nanoid@^3.3.7:
  version "3.3.7"
  resolved "https://registry.npmjs.org/nanoid/-/nanoid-3.3.7.tgz#d0c301a691bc8d54efa0a2226ccf3fe2fd656bd8"
  integrity sha512-eSRppjcPIatRIMC1U6UngP8XFcz8MQWGQdt1MTBQ7NaAmvXDfvNxbvWV3x2y6CdEUciCSsDHDQZbhYaB8QEo2g==

oxlint@^0.4.0:
  version "0.4.4"
  resolved "https://registry.npmjs.org/oxlint/-/oxlint-0.4.4.tgz#860454da1e527770d2b89464b7d56ae784229ce0"
  integrity sha512-YF4rEASRYWCJBaCd0yDavYJ1qCA5H2l6piXlAeDnIKjqKHQ7V3Hwu5w5gIkgZne73iXFe6baqcMSlZNdNlqCeA==
  optionalDependencies:
    "@oxlint/darwin-arm64" "0.4.4"
    "@oxlint/darwin-x64" "0.4.4"
    "@oxlint/linux-arm64-gnu" "0.4.4"
    "@oxlint/linux-arm64-musl" "0.4.4"
    "@oxlint/linux-x64-gnu" "0.4.4"
    "@oxlint/linux-x64-musl" "0.4.4"
    "@oxlint/win32-arm64" "0.4.4"
    "@oxlint/win32-x64" "0.4.4"

picocolors@^1.0.1:
  version "1.1.0"
  resolved "https://registry.npmjs.org/picocolors/-/picocolors-1.1.0.tgz#5358b76a78cde483ba5cef6a9dc9671440b27d59"
  integrity sha512-TQ92mBOW0l3LeMeyLV6mzy/kWr8lkd/hp3mTg7wYK7zJhuBStmGMBG0BdeDZS/dZx1IukaX6Bk11zcln25o1Aw==

picomatch@^2.3.1:
  version "2.3.1"
  resolved "https://registry.npmjs.org/picomatch/-/picomatch-2.3.1.tgz#3ba3833733646d9d3e4995946c1365a67fb07a42"
  integrity sha512-JU3teHTNjmE2VCGFzuY8EXzCDVwEqB2a8fsIvwaStHhAWJEeVd1o1QD80CU6+ZdEXXSLbSsuLwJjkCBWqRQUVA==

postcss@^8.4.43:
  version "8.4.45"
  resolved "https://registry.npmjs.org/postcss/-/postcss-8.4.45.tgz#538d13d89a16ef71edbf75d895284ae06b79e603"
  integrity sha512-7KTLTdzdZZYscUc65XmjFiB73vBhBfbPztCYdUNvlaso9PrzjzcmjqBPR0lNGkcVlcO4BjiO5rK/qNz+XAen1Q==
  dependencies:
    nanoid "^3.3.7"
    picocolors "^1.0.1"
    source-map-js "^1.2.0"

react-dom@^18.2.0:
  version "18.3.1"
  resolved "https://registry.npmjs.org/react-dom/-/react-dom-18.3.1.tgz#c2265d79511b57d479b3dd3fdfa51536494c5cb4"
  integrity sha512-5m4nQKp+rZRb09LNH59GM4BxTh9251/ylbKIbpe7TpGxfJ+9kv6BLkLBXIjjspbgbnIBNqlI23tRnTWT0snUIw==
  dependencies:
    loose-envify "^1.1.0"
    scheduler "^0.23.2"

react@^18.2.0:
  version "18.3.1"
  resolved "https://registry.npmjs.org/react/-/react-18.3.1.tgz#49ab892009c53933625bd16b2533fc754cab2891"
  integrity sha512-wS+hAgJShR0KhEvPJArfuPVN1+Hz1t0Y6n5jLrGQbkb4urgPE/0Rve+1kMB1v/oWgHgm4WIcV+i7F2pTVj+2iQ==
  dependencies:
    loose-envify "^1.1.0"

resolve-pkg-maps@^1.0.0:
  version "1.0.0"
  resolved "https://registry.npmjs.org/resolve-pkg-maps/-/resolve-pkg-maps-1.0.0.tgz#616b3dc2c57056b5588c31cdf4b3d64db133720f"
  integrity sha512-seS2Tj26TBVOC2NIc2rOe2y2ZO7efxITtLZcGSOnHHNOQ7CkiUBfw0Iw2ck6xkIhPwLhKNLS8BO+hEpngQlqzw==

rollup-plugin-externals@^0.0.1:
  version "0.0.1"
  resolved "https://registry.npmjs.org/rollup-plugin-externals/-/rollup-plugin-externals-0.0.1.tgz#63b7bca0a93d5afcdaac8b31c4e362eff77d7742"
  integrity sha512-J0NpbtZlSShpCX+BwOp9pzw0CGami8yroBFnt3a7fxPQA65GQaziTU90wAQM2I5PYbyOBCWqFwjp6AgDdvKGZQ==

rollup-plugin-swc3@^0.11.0:
  version "0.11.2"
  resolved "https://registry.npmjs.org/rollup-plugin-swc3/-/rollup-plugin-swc3-0.11.2.tgz#91af9af9896524787fe927dfa4ffa7a8745a1042"
  integrity sha512-o1ih9B806fV2wBSNk46T0cYfTF2eiiKmYXRpWw3K4j/Cp3tCAt10UCVsTqvUhGP58pcB3/GZcAVl5e7TCSKN6Q==
  dependencies:
    "@fastify/deepmerge" "^1.3.0"
    "@rollup/pluginutils" "^5.1.0"
    get-tsconfig "^4.7.3"
    rollup-preserve-directives "^1.1.1"

rollup-preserve-directives@^1.1.1:
  version "1.1.1"
  resolved "https://registry.npmjs.org/rollup-preserve-directives/-/rollup-preserve-directives-1.1.1.tgz#40d58b412ff791278ef06e0fa0944cbca3d6bd6d"
  integrity sha512-+eQafbuEfDPfxQ9hQPlwaROfin4yiVRxap8hnrvvvcSGoukv1tTiYpAW9mvm3uR8J+fe4xd8FdVd5rz9q7jZ+Q==
  dependencies:
    magic-string "^0.30.5"

rollup@^4.20.0:
  version "4.21.2"
  resolved "https://registry.npmjs.org/rollup/-/rollup-4.21.2.tgz#f41f277a448d6264e923dd1ea179f0a926aaf9b7"
  integrity sha512-e3TapAgYf9xjdLvKQCkQTnbTKd4a6jwlpQSJJFokHGaX2IVjoEqkIIhiQfqsi0cdwlOD+tQGuOd5AJkc5RngBw==
  dependencies:
    "@types/estree" "1.0.5"
  optionalDependencies:
    "@rollup/rollup-android-arm-eabi" "4.21.2"
    "@rollup/rollup-android-arm64" "4.21.2"
    "@rollup/rollup-darwin-arm64" "4.21.2"
    "@rollup/rollup-darwin-x64" "4.21.2"
    "@rollup/rollup-linux-arm-gnueabihf" "4.21.2"
    "@rollup/rollup-linux-arm-musleabihf" "4.21.2"
    "@rollup/rollup-linux-arm64-gnu" "4.21.2"
    "@rollup/rollup-linux-arm64-musl" "4.21.2"
    "@rollup/rollup-linux-powerpc64le-gnu" "4.21.2"
    "@rollup/rollup-linux-riscv64-gnu" "4.21.2"
    "@rollup/rollup-linux-s390x-gnu" "4.21.2"
    "@rollup/rollup-linux-x64-gnu" "4.21.2"
    "@rollup/rollup-linux-x64-musl" "4.21.2"
    "@rollup/rollup-win32-arm64-msvc" "4.21.2"
    "@rollup/rollup-win32-ia32-msvc" "4.21.2"
    "@rollup/rollup-win32-x64-msvc" "4.21.2"
    fsevents "~2.3.2"

scheduler@^0.23.2:
  version "0.23.2"
  resolved "https://registry.npmjs.org/scheduler/-/scheduler-0.23.2.tgz#414ba64a3b282892e944cf2108ecc078d115cdc3"
  integrity sha512-UOShsPwz7NrMUqhR6t0hWjFduvOzbtv7toDH1/hIrfRNIDBnnBWd0CwJTGvTpngVlmwGCdP9/Zl/tVrDqcuYzQ==
  dependencies:
    loose-envify "^1.1.0"

source-map-js@^1.2.0:
  version "1.2.1"
  resolved "https://registry.npmjs.org/source-map-js/-/source-map-js-1.2.1.tgz#1ce5650fddd87abc099eda37dcff024c2667ae46"
  integrity sha512-UXWMKhLOwVKb728IUtQPXxfYU+usdybtUrK/8uGE8CQMvrhOpwvzDBwj0QhSL7MQc7vIsISBG8VQ8+IDQxpfQA==

toggle-switch-css@^1.0.3:
  version "1.0.3"
  resolved "https://registry.npmjs.org/toggle-switch-css/-/toggle-switch-css-1.0.3.tgz#9ed2e2142dd80b980bbda0cb2d892c2bf92af5d7"
  integrity sha512-EHI56A/NdXgToiFUDqdXO4m4IU0v2PDXkvlL+In5HEm8V7Euhru9NgiZGiRwKkH5tNmkbLcY4S1VO4OfUrL4CA==

typescript@^5.2.2:
  version "5.5.4"
  resolved "https://registry.npmjs.org/typescript/-/typescript-5.5.4.tgz#d9852d6c82bad2d2eda4fd74a5762a8f5909e9ba"
  integrity sha512-Mtq29sKDAEYP7aljRgtPOpTvOfbwRWlS6dPRzwjdE+C0R4brX/GUyhHSecbHMFLNBLcJIPt9nl9yG5TZ1weH+Q==

undici-types@~6.19.2:
  version "6.19.8"
  resolved "https://registry.npmjs.org/undici-types/-/undici-types-6.19.8.tgz#35111c9d1437ab83a7cdc0abae2f26d88eda0a02"
  integrity sha512-ve2KP6f/JnbPBFyobGHuerC9g1FYGn/F8n1LWTwNxCEzd6IfqTwUQcNXgEtmmQ6DlRrC1hrSrBnCZPokRrDHjw==

vite@^5.0.0:
  version "5.4.3"
  resolved "https://registry.npmjs.org/vite/-/vite-5.4.3.tgz#771c470e808cb6732f204e1ee96c2ed65b97a0eb"
  integrity sha512-IH+nl64eq9lJjFqU+/yrRnrHPVTlgy42/+IzbOdaFDVlyLgI/wDlf+FCobXLX1cT0X5+7LMyH1mIy2xJdLfo8Q==
  dependencies:
    esbuild "^0.21.3"
    postcss "^8.4.43"
    rollup "^4.20.0"
  optionalDependencies:
    fsevents "~2.3.3"
